
Microsoft Visual Studio Solution File, Format Version 12.00
# Visual Studio 15
VisualStudioVersion = 15.0.27428.2005
MinimumVisualStudioVersion = 10.0.40219.1
Project("{FAE04EC0-301F-11D3-BF4B-00C04F79EFBC}") = "DeviceEmulator", "DeviceEmulator\DeviceEmulator.csproj", "{99548607-8A4E-49DE-8B9D-668BA16D7DDC}"
EndProject
Global
	GlobalSection(SolutionConfigurationPlatforms) = preSolution
		Debug|Any CPU = Debug|Any CPU
		Release|Any CPU = Release|Any CPU
	EndGlobalSection
	GlobalSection(ProjectConfigurationPlatforms) = postSolution
		{99548607-8A4E-49DE-8B9D-668BA16D7DDC}.Debug|Any CPU.ActiveCfg = Debug|Any CPU
		{99548607-8A4E-49DE-8B9D-668BA16D7DDC}.Debug|Any CPU.Build.0 = Debug|Any CPU
		{99548607-8A4E-49DE-8B9D-668BA16D7DDC}.Release|Any CPU.ActiveCfg = Release|Any CPU
		{99548607-8A4E-49DE-8B9D-668BA16D7DDC}.Release|Any CPU.Build.0 = Release|Any CPU
	EndGlobalSection
	GlobalSection(SolutionProperties) = preSolution
		HideSolutionNode = FALSE
	EndGlobalSection
	GlobalSection(ExtensibilityGlobals) = postSolution
		SolutionGuid = {FA06286D-4848-418E-A61D-4B1943C5A9B6}
	EndGlobalSection
EndGlobal
